{
  "nodes": {
    "darwin": {
      "inputs": {
        "flakeNimbleLib": [
          "flakeNimbleLib"
        ],
        "nixpkgs": [
          "nixpkgs"
        ],
        "src-darwin-master": "src-darwin-master"
      },
      "locked": {
        "dir": "master",
        "lastModified": 1667322228,
        "narHash": "sha256-zWjMsNz4AFbQpcg8gQ32CxniVPQCrXEMLLOotf6lp/4=",
        "owner": "nim-nix-pkgs",
        "repo": "darwin",
        "rev": "9dd155a13a9fc6ca58f031fb74c656163c9ed8f6",
        "type": "github"
      },
      "original": {
        "dir": "master",
        "owner": "nim-nix-pkgs",
        "ref": "master",
        "repo": "darwin",
        "type": "github"
      }
    },
    "flakeNimbleLib": {
      "inputs": {
        "nixpkgs": [
          "nixpkgs"
        ]
      },
      "locked": {
        "lastModified": 1662018438,
        "narHash": "sha256-QtNtU6+LX3Wokxf0zlFwKTFOcn6TeDjKQZ+DA9OYtvM=",
        "owner": "riinr",
        "repo": "nim-flakes-lib",
        "rev": "b1fe8340736e3a85d25c709ac3dfd82a55c03cbf",
        "type": "github"
      },
      "original": {
        "owner": "riinr",
        "ref": "master",
        "repo": "nim-flakes-lib",
        "type": "github"
      }
    },
    "nixpkgs": {
      "locked": {
        "lastModified": 1667110639,
        "narHash": "sha256-4FbPESZ5LbqQxkJJJBAfk/zKgF9h/4kyUwjjpJwYlbc=",
        "owner": "NixOS",
        "repo": "nixpkgs",
        "rev": "f38a1f04d1bec1feb61fd101a0539ae2002a7087",
        "type": "github"
      },
      "original": {
        "id": "nixpkgs",
        "type": "indirect"
      }
    },
    "root": {
      "inputs": {
        "darwin": "darwin",
        "flakeNimbleLib": "flakeNimbleLib",
        "nixpkgs": "nixpkgs",
        "src-plists-master": "src-plists-master"
      }
    },
    "src-darwin-master": {
      "flake": false,
      "locked": {
        "lastModified": 1648417222,
        "narHash": "sha256-kjn68z4anxv3OIxzwlrsKmXUsBXfa4nVxqeoNXJQ1hc=",
        "owner": "yglukhov",
        "repo": "darwin",
        "rev": "19015f5d4c183f49e77b08317035a358163e8bb7",
        "type": "github"
      },
      "original": {
        "owner": "yglukhov",
        "ref": "refs/heads/master",
        "repo": "darwin",
        "type": "github"
      }
    },
    "src-plists-master": {
      "flake": false,
      "locked": {
        "lastModified": 1591186810,
        "narHash": "sha256-7cf/ZVms67Glnkq4MOtog+MMfAwRCEcQVVxitZvVAEU=",
        "owner": "yglukhov",
        "repo": "plists",
        "rev": "783f661aa38e8c93d88388d16b90ec35d38099c1",
        "type": "github"
      },
      "original": {
        "owner": "yglukhov",
        "ref": "refs/heads/master",
        "repo": "plists",
        "type": "github"
      }
    }
  },
  "root": "root",
  "version": 7
}
